// !$*UTF8*$!
{
	archiveVersion = 1;
	classes = {
	};
	objectVersion = 51;
	objects = {

/* Begin PBXBuildFile section */
		9C89ABC927202224FB26B68F /* Pods_APReader.framework in Frameworks */ = {isa = PBXBuildFile; fileRef = 25FAAE032315DF02CFA94E11 /* Pods_APReader.framework */; };
		C4256D0724EB740B00F6621B /* APNavigationTittleView.swift in Sources */ = {isa = PBXBuildFile; fileRef = C4256D0624EB740B00F6621B /* APNavigationTittleView.swift */; };
		C4256D0924EB742400F6621B /* APNavigationTittleView.xib in Resources */ = {isa = PBXBuildFile; fileRef = C4256D0824EB742400F6621B /* APNavigationTittleView.xib */; };
		C4256D1424EBD56700F6621B /* APOneDriveManager.swift in Sources */ = {isa = PBXBuildFile; fileRef = C4256D1324EBD56700F6621B /* APOneDriveManager.swift */; };
		C42CCCB824CC610C00D6F0E8 /* FileItem.swift in Sources */ = {isa = PBXBuildFile; fileRef = C42CCCB724CC610C00D6F0E8 /* FileItem.swift */; };
		C42CCCBC24CC655500D6F0E8 /* APPreviewViewController.swift in Sources */ = {isa = PBXBuildFile; fileRef = C42CCCBB24CC655500D6F0E8 /* APPreviewViewController.swift */; };
		C437859924CDB29F00AE2C07 /* APTextDrawingGestureRecognizer.swift in Sources */ = {isa = PBXBuildFile; fileRef = C437859824CDB29F00AE2C07 /* APTextDrawingGestureRecognizer.swift */; };
		C437859B24CDB3BE00AE2C07 /* APPDFTextDrawer.swift in Sources */ = {isa = PBXBuildFile; fileRef = C437859A24CDB3BE00AE2C07 /* APPDFTextDrawer.swift */; };
		C43D8E5A24D16F3700558110 /* APPDFToolbarActionControl.swift in Sources */ = {isa = PBXBuildFile; fileRef = C43D8E5924D16F3700558110 /* APPDFToolbarActionControl.swift */; };
		C43D8E5E24D1709400558110 /* APOutlineTableViewController.swift in Sources */ = {isa = PBXBuildFile; fileRef = C43D8E5D24D1709400558110 /* APOutlineTableViewController.swift */; };
		C43D8E6124D173A400558110 /* APOutlineTableViewCell.swift in Sources */ = {isa = PBXBuildFile; fileRef = C43D8E5F24D173A400558110 /* APOutlineTableViewCell.swift */; };
		C43D8E6624D1A65F00558110 /* APBookmarkViewController.swift in Sources */ = {isa = PBXBuildFile; fileRef = C43D8E6524D1A65F00558110 /* APBookmarkViewController.swift */; };
		C43D8E6924D1AAE800558110 /* APBookmarkTableViewCell.swift in Sources */ = {isa = PBXBuildFile; fileRef = C43D8E6724D1AAE800558110 /* APBookmarkTableViewCell.swift */; };
		C43D8E6E24D2A4FB00558110 /* APSearchViewController.swift in Sources */ = {isa = PBXBuildFile; fileRef = C43D8E6D24D2A4FB00558110 /* APSearchViewController.swift */; };
		C43D8E7024D2B2EF00558110 /* APSearchTableViewCell.swift in Sources */ = {isa = PBXBuildFile; fileRef = C43D8E6F24D2B2EF00558110 /* APSearchTableViewCell.swift */; };
		C45B13BC24CD635B00D30445 /* APNonSelectablePDFView.swift in Sources */ = {isa = PBXBuildFile; fileRef = C45B13BB24CD635B00D30445 /* APNonSelectablePDFView.swift */; };
		C46A150C24EFC2BB00A5AFE8 /* APFileManager.swift in Sources */ = {isa = PBXBuildFile; fileRef = C46A150B24EFC2BB00A5AFE8 /* APFileManager.swift */; };
		C46A150F24EFC63B00A5AFE8 /* MSGraphDriveItemExtension.swift in Sources */ = {isa = PBXBuildFile; fileRef = C46A150E24EFC63B00A5AFE8 /* MSGraphDriveItemExtension.swift */; };
		C46A151124F102A200A5AFE8 /* APNavigationController.swift in Sources */ = {isa = PBXBuildFile; fileRef = C46A151024F102A200A5AFE8 /* APNavigationController.swift */; };
		C4816AAB25028AD400BBC7D8 /* APRepeatingTimer.swift in Sources */ = {isa = PBXBuildFile; fileRef = C4816AAA25028AD400BBC7D8 /* APRepeatingTimer.swift */; };
		C4816AAD2502917300BBC7D8 /* APWidgetAnnotation.swift in Sources */ = {isa = PBXBuildFile; fileRef = C4816AAC2502917300BBC7D8 /* APWidgetAnnotation.swift */; };
		C49BE40324CC7A26006E5D56 /* UIKitExtensions.swift in Sources */ = {isa = PBXBuildFile; fileRef = C49BE40224CC7A26006E5D56 /* UIKitExtensions.swift */; };
		C49BE40524CC7ACE006E5D56 /* PDFKitExtensions.swift in Sources */ = {isa = PBXBuildFile; fileRef = C49BE40424CC7ACE006E5D56 /* PDFKitExtensions.swift */; };
		C49BE40824CC7DB0006E5D56 /* APPDFDrawer.swift in Sources */ = {isa = PBXBuildFile; fileRef = C49BE40724CC7DB0006E5D56 /* APPDFDrawer.swift */; };
		C49BE40A24CC7E56006E5D56 /* APDrawingGestureRecognizer.swift in Sources */ = {isa = PBXBuildFile; fileRef = C49BE40924CC7E56006E5D56 /* APDrawingGestureRecognizer.swift */; };
		C49BE40C24CC7EB1006E5D56 /* APDrawingAnnotation.swift in Sources */ = {isa = PBXBuildFile; fileRef = C49BE40B24CC7EB1006E5D56 /* APDrawingAnnotation.swift */; };
		C49C88CC24F817F4002253E0 /* APTabBarController.swift in Sources */ = {isa = PBXBuildFile; fileRef = C49C88CB24F817F4002253E0 /* APTabBarController.swift */; };
		C49C88D024FC907C002253E0 /* DevelopGuide.pdf in Resources */ = {isa = PBXBuildFile; fileRef = C49C88CF24FC907C002253E0 /* DevelopGuide.pdf */; };
		C49C88D224FC93DD002253E0 /* APAddFolderAlertViewController.swift in Sources */ = {isa = PBXBuildFile; fileRef = C49C88D124FC93DD002253E0 /* APAddFolderAlertViewController.swift */; };
		C49C88D824FCD115002253E0 /* YPDrawSignatureView.swift in Sources */ = {isa = PBXBuildFile; fileRef = C49C88D724FCD115002253E0 /* YPDrawSignatureView.swift */; };
		C49C88DA24FCFBFF002253E0 /* APPreviewBottomMenu.swift in Sources */ = {isa = PBXBuildFile; fileRef = C49C88D924FCFBFF002253E0 /* APPreviewBottomMenu.swift */; };
		C49C88DC24FCFC1F002253E0 /* APPreviewBottomMenu.xib in Resources */ = {isa = PBXBuildFile; fileRef = C49C88DB24FCFC1F002253E0 /* APPreviewBottomMenu.xib */; };
		C49CC8032500906800B19511 /* APArrowBezierPath.swift in Sources */ = {isa = PBXBuildFile; fileRef = C49CC8022500906800B19511 /* APArrowBezierPath.swift */; };
		C49CC8052500910500B19511 /* APDrawUtilities.swift in Sources */ = {isa = PBXBuildFile; fileRef = C49CC8042500910500B19511 /* APDrawUtilities.swift */; };
		C49CC807250235EC00B19511 /* APChangesManager.swift in Sources */ = {isa = PBXBuildFile; fileRef = C49CC806250235EC00B19511 /* APChangesManager.swift */; };
		C49CC80A2502367A00B19511 /* APInkAnnotation.swift in Sources */ = {isa = PBXBuildFile; fileRef = C49CC8092502367A00B19511 /* APInkAnnotation.swift */; };
		C49CC80C250236C500B19511 /* APTextAnnotation.swift in Sources */ = {isa = PBXBuildFile; fileRef = C49CC80B250236C500B19511 /* APTextAnnotation.swift */; };
		C4BFFD6424DEAA3900222D28 /* APPencilControl.swift in Sources */ = {isa = PBXBuildFile; fileRef = C4BFFD6324DEAA3900222D28 /* APPencilControl.swift */; };
		C4BFFD6624DED31200222D28 /* APColorPickerViewController.swift in Sources */ = {isa = PBXBuildFile; fileRef = C4BFFD6524DED31200222D28 /* APColorPickerViewController.swift */; };
		C4BFFD7024DED75C00222D28 /* ChromaShadeSlider.swift in Sources */ = {isa = PBXBuildFile; fileRef = C4BFFD6A24DED75B00222D28 /* ChromaShadeSlider.swift */; };
		C4BFFD7124DED75C00222D28 /* UIColor+Utilities.swift in Sources */ = {isa = PBXBuildFile; fileRef = C4BFFD6B24DED75B00222D28 /* UIColor+Utilities.swift */; };
		C4BFFD7224DED75C00222D28 /* ChromaColorPicker.swift in Sources */ = {isa = PBXBuildFile; fileRef = C4BFFD6C24DED75B00222D28 /* ChromaColorPicker.swift */; };
		C4BFFD7324DED75C00222D28 /* ColorModeToggleButton.swift in Sources */ = {isa = PBXBuildFile; fileRef = C4BFFD6D24DED75B00222D28 /* ColorModeToggleButton.swift */; };
		C4BFFD7424DED75C00222D28 /* ChromaHandle.swift in Sources */ = {isa = PBXBuildFile; fileRef = C4BFFD6E24DED75B00222D28 /* ChromaHandle.swift */; };
		C4BFFD7524DED75C00222D28 /* ChromaAddButton.swift in Sources */ = {isa = PBXBuildFile; fileRef = C4BFFD6F24DED75B00222D28 /* ChromaAddButton.swift */; };
		C4D515032502636B0009B583 /* APCommentDrawingGestureRecognizer.swift in Sources */ = {isa = PBXBuildFile; fileRef = C4D515022502636B0009B583 /* APCommentDrawingGestureRecognizer.swift */; };
		C4D515052502640D0009B583 /* APPDFCommentDrawer.swift in Sources */ = {isa = PBXBuildFile; fileRef = C4D515042502640D0009B583 /* APPDFCommentDrawer.swift */; };
		C4E42A5624EE265C0049AB38 /* APMoreMenuCell.swift in Sources */ = {isa = PBXBuildFile; fileRef = C4E42A5524EE265C0049AB38 /* APMoreMenuCell.swift */; };
		C4E42A5A24EE2DB50049AB38 /* APMoreMenuViewController.swift in Sources */ = {isa = PBXBuildFile; fileRef = C4E42A5924EE2DB50049AB38 /* APMoreMenuViewController.swift */; };
		C4E42A5C24EE6D760049AB38 /* APFolderTableViewCell.swift in Sources */ = {isa = PBXBuildFile; fileRef = C4E42A5B24EE6D760049AB38 /* APFolderTableViewCell.swift */; };
		C4E42A6024EE815D0049AB38 /* APCloudManager.swift in Sources */ = {isa = PBXBuildFile; fileRef = C4E42A5F24EE815D0049AB38 /* APCloudManager.swift */; };
		C4E9FDAF24FD0D84008BC15F /* APPreviewEditorMenu.swift in Sources */ = {isa = PBXBuildFile; fileRef = C4E9FDAE24FD0D84008BC15F /* APPreviewEditorMenu.swift */; };
		C4E9FDB124FD0D9D008BC15F /* APPreviewEditorMenu.xib in Resources */ = {isa = PBXBuildFile; fileRef = C4E9FDB024FD0D9D008BC15F /* APPreviewEditorMenu.xib */; };
		C4E9FDB324FD56C5008BC15F /* APPreviewPenToolMenu.swift in Sources */ = {isa = PBXBuildFile; fileRef = C4E9FDB224FD56C5008BC15F /* APPreviewPenToolMenu.swift */; };
		C4E9FDB524FD5723008BC15F /* APPreviewPenToolMenu.xib in Resources */ = {isa = PBXBuildFile; fileRef = C4E9FDB424FD5723008BC15F /* APPreviewPenToolMenu.xib */; };
		C4EF3B3B24CC09E7002E6A6A /* AppDelegate.swift in Sources */ = {isa = PBXBuildFile; fileRef = C4EF3B3A24CC09E7002E6A6A /* AppDelegate.swift */; };
		C4EF3B3D24CC09E7002E6A6A /* SceneDelegate.swift in Sources */ = {isa = PBXBuildFile; fileRef = C4EF3B3C24CC09E7002E6A6A /* SceneDelegate.swift */; };
		C4EF3B3F24CC09E7002E6A6A /* APFileListViewController.swift in Sources */ = {isa = PBXBuildFile; fileRef = C4EF3B3E24CC09E7002E6A6A /* APFileListViewController.swift */; };
		C4EF3B4224CC09E7002E6A6A /* Main.storyboard in Resources */ = {isa = PBXBuildFile; fileRef = C4EF3B4024CC09E7002E6A6A /* Main.storyboard */; };
		C4EF3B4424CC09EE002E6A6A /* Assets.xcassets in Resources */ = {isa = PBXBuildFile; fileRef = C4EF3B4324CC09EE002E6A6A /* Assets.xcassets */; };
		C4EF3B4724CC09EE002E6A6A /* LaunchScreen.storyboard in Resources */ = {isa = PBXBuildFile; fileRef = C4EF3B4524CC09EE002E6A6A /* LaunchScreen.storyboard */; };
		C4F1DBCB24E28E4000476494 /* AuthSettings.plist in Resources */ = {isa = PBXBuildFile; fileRef = C4F1DBCA24E28E4000476494 /* AuthSettings.plist */; };
		C4F1DBCE24E28F5E00476494 /* APAuthManager.swift in Sources */ = {isa = PBXBuildFile; fileRef = C4F1DBCD24E28F5E00476494 /* APAuthManager.swift */; };
		C4F1DBD024E296C700476494 /* APLoginViewController.swift in Sources */ = {isa = PBXBuildFile; fileRef = C4F1DBCF24E296C700476494 /* APLoginViewController.swift */; };
		C4F1DBD224E2AE8300476494 /* APProfileViewController.swift in Sources */ = {isa = PBXBuildFile; fileRef = C4F1DBD124E2AE8300476494 /* APProfileViewController.swift */; };
		C4F1DBD724E2D3E500476494 /* APGraphManager.swift in Sources */ = {isa = PBXBuildFile; fileRef = C4F1DBD624E2D3E500476494 /* APGraphManager.swift */; };
		C4F1DBDC24E2F62900476494 /* APTestTableViewController.swift in Sources */ = {isa = PBXBuildFile; fileRef = C4F1DBDB24E2F62900476494 /* APTestTableViewController.swift */; };
		C4F1DBDE24E2F96900476494 /* APFileItemTableViewCell.swift in Sources */ = {isa = PBXBuildFile; fileRef = C4F1DBDD24E2F96900476494 /* APFileItemTableViewCell.swift */; };
		C4F1DBE724E590C700476494 /* APDriveEntityExtensions.swift in Sources */ = {isa = PBXBuildFile; fileRef = C4F1DBE624E590C700476494 /* APDriveEntityExtensions.swift */; };
		C4F1DBEA24E5947500476494 /* APUtils.swift in Sources */ = {isa = PBXBuildFile; fileRef = C4F1DBE924E5947400476494 /* APUtils.swift */; };
		C4F1DC2924E787AA00476494 /* APTestTableViewCell.swift in Sources */ = {isa = PBXBuildFile; fileRef = C4F1DC2824E787AA00476494 /* APTestTableViewCell.swift */; };
/* End PBXBuildFile section */

/* Begin PBXFileReference section */
		25FAAE032315DF02CFA94E11 /* Pods_APReader.framework */ = {isa = PBXFileReference; explicitFileType = wrapper.framework; includeInIndex = 0; path = Pods_APReader.framework; sourceTree = BUILT_PRODUCTS_DIR; };
		567F145151DFBEE3A0C2CBC4 /* Pods-APReader.debug.xcconfig */ = {isa = PBXFileReference; includeInIndex = 1; lastKnownFileType = text.xcconfig; name = "Pods-APReader.debug.xcconfig"; path = "Target Support Files/Pods-APReader/Pods-APReader.debug.xcconfig"; sourceTree = "<group>"; };
		AD7B16EE42D79E779FBF3A46 /* Pods-APReader.release.xcconfig */ = {isa = PBXFileReference; includeInIndex = 1; lastKnownFileType = text.xcconfig; name = "Pods-APReader.release.xcconfig"; path = "Target Support Files/Pods-APReader/Pods-APReader.release.xcconfig"; sourceTree = "<group>"; };
		C4256D0624EB740B00F6621B /* APNavigationTittleView.swift */ = {isa = PBXFileReference; lastKnownFileType = sourcecode.swift; path = APNavigationTittleView.swift; sourceTree = "<group>"; };
		C4256D0824EB742400F6621B /* APNavigationTittleView.xib */ = {isa = PBXFileReference; lastKnownFileType = file.xib; path = APNavigationTittleView.xib; sourceTree = "<group>"; };
		C4256D1324EBD56700F6621B /* APOneDriveManager.swift */ = {isa = PBXFileReference; lastKnownFileType = sourcecode.swift; path = APOneDriveManager.swift; sourceTree = "<group>"; };
		C42CCCB724CC610C00D6F0E8 /* FileItem.swift */ = {isa = PBXFileReference; lastKnownFileType = sourcecode.swift; path = FileItem.swift; sourceTree = "<group>"; };
		C42CCCBB24CC655500D6F0E8 /* APPreviewViewController.swift */ = {isa = PBXFileReference; lastKnownFileType = sourcecode.swift; path = APPreviewViewController.swift; sourceTree = "<group>"; };
		C437859824CDB29F00AE2C07 /* APTextDrawingGestureRecognizer.swift */ = {isa = PBXFileReference; fileEncoding = 4; lastKnownFileType = sourcecode.swift; path = APTextDrawingGestureRecognizer.swift; sourceTree = "<group>"; };
		C437859A24CDB3BE00AE2C07 /* APPDFTextDrawer.swift */ = {isa = PBXFileReference; lastKnownFileType = sourcecode.swift; path = APPDFTextDrawer.swift; sourceTree = "<group>"; };
		C43D8E5924D16F3700558110 /* APPDFToolbarActionControl.swift */ = {isa = PBXFileReference; lastKnownFileType = sourcecode.swift; path = APPDFToolbarActionControl.swift; sourceTree = "<group>"; };
		C43D8E5D24D1709400558110 /* APOutlineTableViewController.swift */ = {isa = PBXFileReference; lastKnownFileType = sourcecode.swift; path = APOutlineTableViewController.swift; sourceTree = "<group>"; };
		C43D8E5F24D173A400558110 /* APOutlineTableViewCell.swift */ = {isa = PBXFileReference; lastKnownFileType = sourcecode.swift; path = APOutlineTableViewCell.swift; sourceTree = "<group>"; };
		C43D8E6524D1A65F00558110 /* APBookmarkViewController.swift */ = {isa = PBXFileReference; lastKnownFileType = sourcecode.swift; path = APBookmarkViewController.swift; sourceTree = "<group>"; };
		C43D8E6724D1AAE800558110 /* APBookmarkTableViewCell.swift */ = {isa = PBXFileReference; lastKnownFileType = sourcecode.swift; path = APBookmarkTableViewCell.swift; sourceTree = "<group>"; };
		C43D8E6D24D2A4FB00558110 /* APSearchViewController.swift */ = {isa = PBXFileReference; lastKnownFileType = sourcecode.swift; path = APSearchViewController.swift; sourceTree = "<group>"; };
		C43D8E6F24D2B2EF00558110 /* APSearchTableViewCell.swift */ = {isa = PBXFileReference; lastKnownFileType = sourcecode.swift; path = APSearchTableViewCell.swift; sourceTree = "<group>"; };
		C45B13BB24CD635B00D30445 /* APNonSelectablePDFView.swift */ = {isa = PBXFileReference; lastKnownFileType = sourcecode.swift; path = APNonSelectablePDFView.swift; sourceTree = "<group>"; };
		C46A150B24EFC2BB00A5AFE8 /* APFileManager.swift */ = {isa = PBXFileReference; lastKnownFileType = sourcecode.swift; name = APFileManager.swift; path = APReader/FileManager/APFileManager.swift; sourceTree = SOURCE_ROOT; };
		C46A150E24EFC63B00A5AFE8 /* MSGraphDriveItemExtension.swift */ = {isa = PBXFileReference; lastKnownFileType = sourcecode.swift; path = MSGraphDriveItemExtension.swift; sourceTree = "<group>"; };
		C46A151024F102A200A5AFE8 /* APNavigationController.swift */ = {isa = PBXFileReference; lastKnownFileType = sourcecode.swift; path = APNavigationController.swift; sourceTree = "<group>"; };
		C4816AAA25028AD400BBC7D8 /* APRepeatingTimer.swift */ = {isa = PBXFileReference; lastKnownFileType = sourcecode.swift; path = APRepeatingTimer.swift; sourceTree = "<group>"; };
		C4816AAC2502917300BBC7D8 /* APWidgetAnnotation.swift */ = {isa = PBXFileReference; lastKnownFileType = sourcecode.swift; path = APWidgetAnnotation.swift; sourceTree = "<group>"; };
		C49BE40224CC7A26006E5D56 /* UIKitExtensions.swift */ = {isa = PBXFileReference; lastKnownFileType = sourcecode.swift; path = UIKitExtensions.swift; sourceTree = "<group>"; };
		C49BE40424CC7ACE006E5D56 /* PDFKitExtensions.swift */ = {isa = PBXFileReference; lastKnownFileType = sourcecode.swift; path = PDFKitExtensions.swift; sourceTree = "<group>"; };
		C49BE40724CC7DB0006E5D56 /* APPDFDrawer.swift */ = {isa = PBXFileReference; lastKnownFileType = sourcecode.swift; path = APPDFDrawer.swift; sourceTree = "<group>"; };
		C49BE40924CC7E56006E5D56 /* APDrawingGestureRecognizer.swift */ = {isa = PBXFileReference; lastKnownFileType = sourcecode.swift; path = APDrawingGestureRecognizer.swift; sourceTree = "<group>"; };
		C49BE40B24CC7EB1006E5D56 /* APDrawingAnnotation.swift */ = {isa = PBXFileReference; lastKnownFileType = sourcecode.swift; path = APDrawingAnnotation.swift; sourceTree = "<group>"; };
		C49C88CB24F817F4002253E0 /* APTabBarController.swift */ = {isa = PBXFileReference; lastKnownFileType = sourcecode.swift; path = APTabBarController.swift; sourceTree = "<group>"; };
		C49C88CF24FC907C002253E0 /* DevelopGuide.pdf */ = {isa = PBXFileReference; lastKnownFileType = image.pdf; path = DevelopGuide.pdf; sourceTree = "<group>"; };
		C49C88D124FC93DD002253E0 /* APAddFolderAlertViewController.swift */ = {isa = PBXFileReference; lastKnownFileType = sourcecode.swift; path = APAddFolderAlertViewController.swift; sourceTree = "<group>"; };
		C49C88D724FCD115002253E0 /* YPDrawSignatureView.swift */ = {isa = PBXFileReference; fileEncoding = 4; lastKnownFileType = sourcecode.swift; path = YPDrawSignatureView.swift; sourceTree = "<group>"; };
		C49C88D924FCFBFF002253E0 /* APPreviewBottomMenu.swift */ = {isa = PBXFileReference; lastKnownFileType = sourcecode.swift; path = APPreviewBottomMenu.swift; sourceTree = "<group>"; };
		C49C88DB24FCFC1F002253E0 /* APPreviewBottomMenu.xib */ = {isa = PBXFileReference; lastKnownFileType = file.xib; path = APPreviewBottomMenu.xib; sourceTree = "<group>"; };
		C49CC8022500906800B19511 /* APArrowBezierPath.swift */ = {isa = PBXFileReference; lastKnownFileType = sourcecode.swift; path = APArrowBezierPath.swift; sourceTree = "<group>"; };
		C49CC8042500910500B19511 /* APDrawUtilities.swift */ = {isa = PBXFileReference; lastKnownFileType = sourcecode.swift; path = APDrawUtilities.swift; sourceTree = "<group>"; };
		C49CC806250235EC00B19511 /* APChangesManager.swift */ = {isa = PBXFileReference; lastKnownFileType = sourcecode.swift; path = APChangesManager.swift; sourceTree = "<group>"; };
		C49CC8092502367A00B19511 /* APInkAnnotation.swift */ = {isa = PBXFileReference; lastKnownFileType = sourcecode.swift; path = APInkAnnotation.swift; sourceTree = "<group>"; };
		C49CC80B250236C500B19511 /* APTextAnnotation.swift */ = {isa = PBXFileReference; lastKnownFileType = sourcecode.swift; path = APTextAnnotation.swift; sourceTree = "<group>"; };
		C4BFFD5A24DCEF7600222D28 /* APReader.entitlements */ = {isa = PBXFileReference; lastKnownFileType = text.plist.entitlements; path = APReader.entitlements; sourceTree = "<group>"; };
		C4BFFD5C24DCEF8C00222D28 /* CloudKit.framework */ = {isa = PBXFileReference; lastKnownFileType = wrapper.framework; name = CloudKit.framework; path = System/Library/Frameworks/CloudKit.framework; sourceTree = SDKROOT; };
		C4BFFD6324DEAA3900222D28 /* APPencilControl.swift */ = {isa = PBXFileReference; lastKnownFileType = sourcecode.swift; path = APPencilControl.swift; sourceTree = "<group>"; };
		C4BFFD6524DED31200222D28 /* APColorPickerViewController.swift */ = {isa = PBXFileReference; lastKnownFileType = sourcecode.swift; path = APColorPickerViewController.swift; sourceTree = "<group>"; };
		C4BFFD6A24DED75B00222D28 /* ChromaShadeSlider.swift */ = {isa = PBXFileReference; fileEncoding = 4; lastKnownFileType = sourcecode.swift; path = ChromaShadeSlider.swift; sourceTree = "<group>"; };
		C4BFFD6B24DED75B00222D28 /* UIColor+Utilities.swift */ = {isa = PBXFileReference; fileEncoding = 4; lastKnownFileType = sourcecode.swift; path = "UIColor+Utilities.swift"; sourceTree = "<group>"; };
		C4BFFD6C24DED75B00222D28 /* ChromaColorPicker.swift */ = {isa = PBXFileReference; fileEncoding = 4; lastKnownFileType = sourcecode.swift; path = ChromaColorPicker.swift; sourceTree = "<group>"; };
		C4BFFD6D24DED75B00222D28 /* ColorModeToggleButton.swift */ = {isa = PBXFileReference; fileEncoding = 4; lastKnownFileType = sourcecode.swift; path = ColorModeToggleButton.swift; sourceTree = "<group>"; };
		C4BFFD6E24DED75B00222D28 /* ChromaHandle.swift */ = {isa = PBXFileReference; fileEncoding = 4; lastKnownFileType = sourcecode.swift; path = ChromaHandle.swift; sourceTree = "<group>"; };
		C4BFFD6F24DED75B00222D28 /* ChromaAddButton.swift */ = {isa = PBXFileReference; fileEncoding = 4; lastKnownFileType = sourcecode.swift; path = ChromaAddButton.swift; sourceTree = "<group>"; };
		C4D515022502636B0009B583 /* APCommentDrawingGestureRecognizer.swift */ = {isa = PBXFileReference; lastKnownFileType = sourcecode.swift; path = APCommentDrawingGestureRecognizer.swift; sourceTree = "<group>"; };
		C4D515042502640D0009B583 /* APPDFCommentDrawer.swift */ = {isa = PBXFileReference; lastKnownFileType = sourcecode.swift; path = APPDFCommentDrawer.swift; sourceTree = "<group>"; };
		C4E42A5524EE265C0049AB38 /* APMoreMenuCell.swift */ = {isa = PBXFileReference; lastKnownFileType = sourcecode.swift; path = APMoreMenuCell.swift; sourceTree = "<group>"; };
		C4E42A5924EE2DB50049AB38 /* APMoreMenuViewController.swift */ = {isa = PBXFileReference; fileEncoding = 4; lastKnownFileType = sourcecode.swift; path = APMoreMenuViewController.swift; sourceTree = "<group>"; };
		C4E42A5B24EE6D760049AB38 /* APFolderTableViewCell.swift */ = {isa = PBXFileReference; lastKnownFileType = sourcecode.swift; path = APFolderTableViewCell.swift; sourceTree = "<group>"; };
		C4E42A5F24EE815D0049AB38 /* APCloudManager.swift */ = {isa = PBXFileReference; lastKnownFileType = sourcecode.swift; path = APCloudManager.swift; sourceTree = "<group>"; };
		C4E9FDAE24FD0D84008BC15F /* APPreviewEditorMenu.swift */ = {isa = PBXFileReference; lastKnownFileType = sourcecode.swift; path = APPreviewEditorMenu.swift; sourceTree = "<group>"; };
		C4E9FDB024FD0D9D008BC15F /* APPreviewEditorMenu.xib */ = {isa = PBXFileReference; lastKnownFileType = file.xib; path = APPreviewEditorMenu.xib; sourceTree = "<group>"; };
		C4E9FDB224FD56C5008BC15F /* APPreviewPenToolMenu.swift */ = {isa = PBXFileReference; lastKnownFileType = sourcecode.swift; path = APPreviewPenToolMenu.swift; sourceTree = "<group>"; };
		C4E9FDB424FD5723008BC15F /* APPreviewPenToolMenu.xib */ = {isa = PBXFileReference; lastKnownFileType = file.xib; path = APPreviewPenToolMenu.xib; sourceTree = "<group>"; };
		C4EF3B3724CC09E7002E6A6A /* APReader.app */ = {isa = PBXFileReference; explicitFileType = wrapper.application; includeInIndex = 0; path = APReader.app; sourceTree = BUILT_PRODUCTS_DIR; };
		C4EF3B3A24CC09E7002E6A6A /* AppDelegate.swift */ = {isa = PBXFileReference; lastKnownFileType = sourcecode.swift; path = AppDelegate.swift; sourceTree = "<group>"; };
		C4EF3B3C24CC09E7002E6A6A /* SceneDelegate.swift */ = {isa = PBXFileReference; lastKnownFileType = sourcecode.swift; path = SceneDelegate.swift; sourceTree = "<group>"; };
		C4EF3B3E24CC09E7002E6A6A /* APFileListViewController.swift */ = {isa = PBXFileReference; lastKnownFileType = sourcecode.swift; path = APFileListViewController.swift; sourceTree = "<group>"; };
		C4EF3B4124CC09E7002E6A6A /* Base */ = {isa = PBXFileReference; lastKnownFileType = file.storyboard; name = Base; path = Base.lproj/Main.storyboard; sourceTree = "<group>"; };
		C4EF3B4324CC09EE002E6A6A /* Assets.xcassets */ = {isa = PBXFileReference; lastKnownFileType = folder.assetcatalog; path = Assets.xcassets; sourceTree = "<group>"; };
		C4EF3B4624CC09EE002E6A6A /* Base */ = {isa = PBXFileReference; lastKnownFileType = file.storyboard; name = Base; path = Base.lproj/LaunchScreen.storyboard; sourceTree = "<group>"; };
		C4EF3B4824CC09EE002E6A6A /* Info.plist */ = {isa = PBXFileReference; lastKnownFileType = text.plist.xml; path = Info.plist; sourceTree = "<group>"; };
		C4F1DBCA24E28E4000476494 /* AuthSettings.plist */ = {isa = PBXFileReference; fileEncoding = 4; lastKnownFileType = text.plist.xml; path = AuthSettings.plist; sourceTree = "<group>"; };
		C4F1DBCD24E28F5E00476494 /* APAuthManager.swift */ = {isa = PBXFileReference; lastKnownFileType = sourcecode.swift; path = APAuthManager.swift; sourceTree = "<group>"; };
		C4F1DBCF24E296C700476494 /* APLoginViewController.swift */ = {isa = PBXFileReference; lastKnownFileType = sourcecode.swift; path = APLoginViewController.swift; sourceTree = "<group>"; };
		C4F1DBD124E2AE8300476494 /* APProfileViewController.swift */ = {isa = PBXFileReference; lastKnownFileType = sourcecode.swift; path = APProfileViewController.swift; sourceTree = "<group>"; };
		C4F1DBD624E2D3E500476494 /* APGraphManager.swift */ = {isa = PBXFileReference; lastKnownFileType = sourcecode.swift; path = APGraphManager.swift; sourceTree = "<group>"; };
		C4F1DBDB24E2F62900476494 /* APTestTableViewController.swift */ = {isa = PBXFileReference; lastKnownFileType = sourcecode.swift; path = APTestTableViewController.swift; sourceTree = "<group>"; };
		C4F1DBDD24E2F96900476494 /* APFileItemTableViewCell.swift */ = {isa = PBXFileReference; lastKnownFileType = sourcecode.swift; path = APFileItemTableViewCell.swift; sourceTree = "<group>"; };
		C4F1DBE624E590C700476494 /* APDriveEntityExtensions.swift */ = {isa = PBXFileReference; lastKnownFileType = sourcecode.swift; path = APDriveEntityExtensions.swift; sourceTree = "<group>"; };
		C4F1DBE924E5947400476494 /* APUtils.swift */ = {isa = PBXFileReference; lastKnownFileType = sourcecode.swift; path = APUtils.swift; sourceTree = "<group>"; };
		C4F1DC2824E787AA00476494 /* APTestTableViewCell.swift */ = {isa = PBXFileReference; lastKnownFileType = sourcecode.swift; path = APTestTableViewCell.swift; sourceTree = "<group>"; };
		DE369DFE28B8D030AB36B39E /* Pods-APReader.ad hoc.xcconfig */ = {isa = PBXFileReference; includeInIndex = 1; lastKnownFileType = text.xcconfig; name = "Pods-APReader.ad hoc.xcconfig"; path = "Target Support Files/Pods-APReader/Pods-APReader.ad hoc.xcconfig"; sourceTree = "<group>"; };
/* End PBXFileReference section */

/* Begin PBXFrameworksBuildPhase section */
		C4EF3B3424CC09E7002E6A6A /* Frameworks */ = {
			isa = PBXFrameworksBuildPhase;
			buildActionMask = 2147483647;
			files = (
				9C89ABC927202224FB26B68F /* Pods_APReader.framework in Frameworks */,
			);
			runOnlyForDeploymentPostprocessing = 0;
		};
/* End PBXFrameworksBuildPhase section */

/* Begin PBXGroup section */
		9F9D8FE7654E807838A7F6A1 /* Pods */ = {
			isa = PBXGroup;
			children = (
				567F145151DFBEE3A0C2CBC4 /* Pods-APReader.debug.xcconfig */,
				AD7B16EE42D79E779FBF3A46 /* Pods-APReader.release.xcconfig */,
				DE369DFE28B8D030AB36B39E /* Pods-APReader.ad hoc.xcconfig */,
			);
			path = Pods;
			sourceTree = "<group>";
		};
		C437859724CDB29F00AE2C07 /* TextDrawing */ = {
			isa = PBXGroup;
			children = (
				C437859A24CDB3BE00AE2C07 /* APPDFTextDrawer.swift */,
				C437859824CDB29F00AE2C07 /* APTextDrawingGestureRecognizer.swift */,
			);
			path = TextDrawing;
			sourceTree = "<group>";
		};
		C46A150D24EFC2C800A5AFE8 /* FileManager */ = {
			isa = PBXGroup;
			children = (
				C46A150B24EFC2BB00A5AFE8 /* APFileManager.swift */,
			);
			path = FileManager;
			sourceTree = "<group>";
		};
		C49BE3FB24CC7178006E5D56 /* Resources */ = {
			isa = PBXGroup;
			children = (
				C49C88CF24FC907C002253E0 /* DevelopGuide.pdf */,
			);
			path = Resources;
			sourceTree = "<group>";
		};
		C49BE3FE24CC71C0006E5D56 /* Model */ = {
			isa = PBXGroup;
			children = (
				C42CCCB724CC610C00D6F0E8 /* FileItem.swift */,
				C46A150E24EFC63B00A5AFE8 /* MSGraphDriveItemExtension.swift */,
			);
			path = Model;
			sourceTree = "<group>";
		};
		C49BE3FF24CC71D7006E5D56 /* Drawing */ = {
			isa = PBXGroup;
			children = (
				C49BE40724CC7DB0006E5D56 /* APPDFDrawer.swift */,
				C49BE40B24CC7EB1006E5D56 /* APDrawingAnnotation.swift */,
				C49BE40924CC7E56006E5D56 /* APDrawingGestureRecognizer.swift */,
				C45B13BB24CD635B00D30445 /* APNonSelectablePDFView.swift */,
				C49CC8022500906800B19511 /* APArrowBezierPath.swift */,
				C49CC8042500910500B19511 /* APDrawUtilities.swift */,
			);
			path = Drawing;
			sourceTree = "<group>";
		};
		C49BE40024CC71FB006E5D56 /* Extensions */ = {
			isa = PBXGroup;
			children = (
				C49BE40224CC7A26006E5D56 /* UIKitExtensions.swift */,
				C49BE40424CC7ACE006E5D56 /* PDFKitExtensions.swift */,
				C4F1DBE624E590C700476494 /* APDriveEntityExtensions.swift */,
			);
			path = Extensions;
			sourceTree = "<group>";
		};
		C49BE40124CC7664006E5D56 /* ViewControllers */ = {
			isa = PBXGroup;
			children = (
				C4EF3B3E24CC09E7002E6A6A /* APFileListViewController.swift */,
				C4F1DBDB24E2F62900476494 /* APTestTableViewController.swift */,
				C49C88D124FC93DD002253E0 /* APAddFolderAlertViewController.swift */,
				C46A151024F102A200A5AFE8 /* APNavigationController.swift */,
				C42CCCBB24CC655500D6F0E8 /* APPreviewViewController.swift */,
				C43D8E5924D16F3700558110 /* APPDFToolbarActionControl.swift */,
				C43D8E5D24D1709400558110 /* APOutlineTableViewController.swift */,
				C43D8E6524D1A65F00558110 /* APBookmarkViewController.swift */,
				C43D8E6724D1AAE800558110 /* APBookmarkTableViewCell.swift */,
				C43D8E5F24D173A400558110 /* APOutlineTableViewCell.swift */,
				C43D8E6D24D2A4FB00558110 /* APSearchViewController.swift */,
				C4BFFD6524DED31200222D28 /* APColorPickerViewController.swift */,
				C43D8E6F24D2B2EF00558110 /* APSearchTableViewCell.swift */,
				C4BFFD6324DEAA3900222D28 /* APPencilControl.swift */,
				C4F1DBCF24E296C700476494 /* APLoginViewController.swift */,
				C4F1DBD124E2AE8300476494 /* APProfileViewController.swift */,
				C4F1DBDD24E2F96900476494 /* APFileItemTableViewCell.swift */,
				C4E42A5B24EE6D760049AB38 /* APFolderTableViewCell.swift */,
				C4F1DC2824E787AA00476494 /* APTestTableViewCell.swift */,
				C4256D0624EB740B00F6621B /* APNavigationTittleView.swift */,
				C4256D0824EB742400F6621B /* APNavigationTittleView.xib */,
				C4E42A5924EE2DB50049AB38 /* APMoreMenuViewController.swift */,
				C4E42A5524EE265C0049AB38 /* APMoreMenuCell.swift */,
				C49C88CB24F817F4002253E0 /* APTabBarController.swift */,
				C49C88D924FCFBFF002253E0 /* APPreviewBottomMenu.swift */,
				C49C88DB24FCFC1F002253E0 /* APPreviewBottomMenu.xib */,
				C4E9FDAE24FD0D84008BC15F /* APPreviewEditorMenu.swift */,
				C4E9FDB024FD0D9D008BC15F /* APPreviewEditorMenu.xib */,
				C4E9FDB224FD56C5008BC15F /* APPreviewPenToolMenu.swift */,
				C4E9FDB424FD5723008BC15F /* APPreviewPenToolMenu.xib */,
				C49C88D724FCD115002253E0 /* YPDrawSignatureView.swift */,
			);
			path = ViewControllers;
			sourceTree = "<group>";
		};
		C49BE40624CC7CDF006E5D56 /* App */ = {
			isa = PBXGroup;
			children = (
				C4EF3B3A24CC09E7002E6A6A /* AppDelegate.swift */,
				C4EF3B3C24CC09E7002E6A6A /* SceneDelegate.swift */,
			);
			path = App;
			sourceTree = "<group>";
		};
		C49CC808250235F100B19511 /* UndoRedo */ = {
			isa = PBXGroup;
			children = (
				C49CC806250235EC00B19511 /* APChangesManager.swift */,
				C49CC8092502367A00B19511 /* APInkAnnotation.swift */,
				C49CC80B250236C500B19511 /* APTextAnnotation.swift */,
				C4816AAC2502917300BBC7D8 /* APWidgetAnnotation.swift */,
			);
			path = UndoRedo;
			sourceTree = "<group>";
		};
		C4BFFD5B24DCEF8C00222D28 /* Frameworks */ = {
			isa = PBXGroup;
			children = (
				C4BFFD5C24DCEF8C00222D28 /* CloudKit.framework */,
				25FAAE032315DF02CFA94E11 /* Pods_APReader.framework */,
			);
			name = Frameworks;
			sourceTree = "<group>";
		};
		C4BFFD6924DED75B00222D28 /* ColorPicker */ = {
			isa = PBXGroup;
			children = (
				C4BFFD6A24DED75B00222D28 /* ChromaShadeSlider.swift */,
				C4BFFD6B24DED75B00222D28 /* UIColor+Utilities.swift */,
				C4BFFD6C24DED75B00222D28 /* ChromaColorPicker.swift */,
				C4BFFD6D24DED75B00222D28 /* ColorModeToggleButton.swift */,
				C4BFFD6E24DED75B00222D28 /* ChromaHandle.swift */,
				C4BFFD6F24DED75B00222D28 /* ChromaAddButton.swift */,
			);
			path = ColorPicker;
			sourceTree = "<group>";
		};
		C4D515012502630C0009B583 /* CommentDrawing */ = {
			isa = PBXGroup;
			children = (
				C4D515042502640D0009B583 /* APPDFCommentDrawer.swift */,
				C4D515022502636B0009B583 /* APCommentDrawingGestureRecognizer.swift */,
			);
			path = CommentDrawing;
			sourceTree = "<group>";
		};
		C4E42A5E24EE81350049AB38 /* CloudDocument */ = {
			isa = PBXGroup;
			children = (
				C4E42A5F24EE815D0049AB38 /* APCloudManager.swift */,
			);
			path = CloudDocument;
			sourceTree = "<group>";
		};
		C4EF3B2E24CC09E7002E6A6A = {
			isa = PBXGroup;
			children = (
				C4EF3B3924CC09E7002E6A6A /* APReader */,
				C4EF3B3824CC09E7002E6A6A /* Products */,
				C4BFFD5B24DCEF8C00222D28 /* Frameworks */,
				9F9D8FE7654E807838A7F6A1 /* Pods */,
			);
			sourceTree = "<group>";
		};
		C4EF3B3824CC09E7002E6A6A /* Products */ = {
			isa = PBXGroup;
			children = (
				C4EF3B3724CC09E7002E6A6A /* APReader.app */,
			);
			name = Products;
			sourceTree = "<group>";
		};
		C4EF3B3924CC09E7002E6A6A /* APReader */ = {
			isa = PBXGroup;
			children = (
				C4BFFD5A24DCEF7600222D28 /* APReader.entitlements */,
				C4F1DBCA24E28E4000476494 /* AuthSettings.plist */,
				C4F1DBCC24E28F2500476494 /* AuthManager */,
				C49BE40624CC7CDF006E5D56 /* App */,
				C4BFFD6924DED75B00222D28 /* ColorPicker */,
				C49BE3FF24CC71D7006E5D56 /* Drawing */,
				C49CC808250235F100B19511 /* UndoRedo */,
				C49BE40024CC71FB006E5D56 /* Extensions */,
				C46A150D24EFC2C800A5AFE8 /* FileManager */,
				C4E42A5E24EE81350049AB38 /* CloudDocument */,
				C4F1DBD824E2D3E900476494 /* GraphManager */,
				C4F1DBE824E5946400476494 /* Utiles */,
				C49BE3FE24CC71C0006E5D56 /* Model */,
				C49BE3FB24CC7178006E5D56 /* Resources */,
				C437859724CDB29F00AE2C07 /* TextDrawing */,
				C4D515012502630C0009B583 /* CommentDrawing */,
				C49BE40124CC7664006E5D56 /* ViewControllers */,
				C4EF3B4024CC09E7002E6A6A /* Main.storyboard */,
				C4EF3B4524CC09EE002E6A6A /* LaunchScreen.storyboard */,
				C4EF3B4324CC09EE002E6A6A /* Assets.xcassets */,
				C4EF3B4824CC09EE002E6A6A /* Info.plist */,
			);
			path = APReader;
			sourceTree = "<group>";
		};
		C4F1DBCC24E28F2500476494 /* AuthManager */ = {
			isa = PBXGroup;
			children = (
				C4F1DBCD24E28F5E00476494 /* APAuthManager.swift */,
			);
			path = AuthManager;
			sourceTree = "<group>";
		};
		C4F1DBD824E2D3E900476494 /* GraphManager */ = {
			isa = PBXGroup;
			children = (
				C4F1DBD624E2D3E500476494 /* APGraphManager.swift */,
				C4256D1324EBD56700F6621B /* APOneDriveManager.swift */,
			);
			path = GraphManager;
			sourceTree = "<group>";
		};
		C4F1DBE824E5946400476494 /* Utiles */ = {
			isa = PBXGroup;
			children = (
				C4F1DBE924E5947400476494 /* APUtils.swift */,
				C4816AAA25028AD400BBC7D8 /* APRepeatingTimer.swift */,
			);
			path = Utiles;
			sourceTree = "<group>";
		};
/* End PBXGroup section */

/* Begin PBXNativeTarget section */
		C4EF3B3624CC09E7002E6A6A /* APReader */ = {
			isa = PBXNativeTarget;
			buildConfigurationList = C4EF3B4B24CC09EE002E6A6A /* Build configuration list for PBXNativeTarget "APReader" */;
			buildPhases = (
				707FAFA570E88D90A78184BA /* [CP] Check Pods Manifest.lock */,
				C4EF3B3324CC09E7002E6A6A /* Sources */,
				C4EF3B3424CC09E7002E6A6A /* Frameworks */,
				C4EF3B3524CC09E7002E6A6A /* Resources */,
				24C3C2D922130637CA9E0DC2 /* [CP] Embed Pods Frameworks */,
			);
			buildRules = (
			);
			dependencies = (
			);
			name = APReader;
			productName = APReader;
			productReference = C4EF3B3724CC09E7002E6A6A /* APReader.app */;
			productType = "com.apple.product-type.application";
		};
/* End PBXNativeTarget section */

/* Begin PBXProject section */
		C4EF3B2F24CC09E7002E6A6A /* Project object */ = {
			isa = PBXProject;
			attributes = {
				CLASSPREFIX = AP;
				LastSwiftUpdateCheck = 1150;
				LastUpgradeCheck = 1150;
				ORGANIZATIONNAME = Tangorios;
				TargetAttributes = {
					C4EF3B3624CC09E7002E6A6A = {
						CreatedOnToolsVersion = 11.5;
					};
				};
			};
			buildConfigurationList = C4EF3B3224CC09E7002E6A6A /* Build configuration list for PBXProject "APReader" */;
			compatibilityVersion = "Xcode 9.3";
			developmentRegion = en;
			hasScannedForEncodings = 0;
			knownRegions = (
				en,
				Base,
			);
			mainGroup = C4EF3B2E24CC09E7002E6A6A;
			productRefGroup = C4EF3B3824CC09E7002E6A6A /* Products */;
			projectDirPath = "";
			projectRoot = "";
			targets = (
				C4EF3B3624CC09E7002E6A6A /* APReader */,
			);
		};
/* End PBXProject section */

/* Begin PBXResourcesBuildPhase section */
		C4EF3B3524CC09E7002E6A6A /* Resources */ = {
			isa = PBXResourcesBuildPhase;
			buildActionMask = 2147483647;
			files = (
				C49C88DC24FCFC1F002253E0 /* APPreviewBottomMenu.xib in Resources */,
				C4EF3B4724CC09EE002E6A6A /* LaunchScreen.storyboard in Resources */,
				C4E9FDB524FD5723008BC15F /* APPreviewPenToolMenu.xib in Resources */,
				C4EF3B4424CC09EE002E6A6A /* Assets.xcassets in Resources */,
				C49C88D024FC907C002253E0 /* DevelopGuide.pdf in Resources */,
				C4EF3B4224CC09E7002E6A6A /* Main.storyboard in Resources */,
				C4256D0924EB742400F6621B /* APNavigationTittleView.xib in Resources */,
				C4F1DBCB24E28E4000476494 /* AuthSettings.plist in Resources */,
				C4E9FDB124FD0D9D008BC15F /* APPreviewEditorMenu.xib in Resources */,
			);
			runOnlyForDeploymentPostprocessing = 0;
		};
/* End PBXResourcesBuildPhase section */

/* Begin PBXShellScriptBuildPhase section */
		24C3C2D922130637CA9E0DC2 /* [CP] Embed Pods Frameworks */ = {
			isa = PBXShellScriptBuildPhase;
			buildActionMask = 2147483647;
			files = (
			);
			inputFileListPaths = (
				"${PODS_ROOT}/Target Support Files/Pods-APReader/Pods-APReader-frameworks-${CONFIGURATION}-input-files.xcfilelist",
			);
			name = "[CP] Embed Pods Frameworks";
			outputFileListPaths = (
				"${PODS_ROOT}/Target Support Files/Pods-APReader/Pods-APReader-frameworks-${CONFIGURATION}-output-files.xcfilelist",
			);
			runOnlyForDeploymentPostprocessing = 0;
			shellPath = /bin/sh;
			shellScript = "\"${PODS_ROOT}/Target Support Files/Pods-APReader/Pods-APReader-frameworks.sh\"\n";
			showEnvVarsInLog = 0;
		};
		707FAFA570E88D90A78184BA /* [CP] Check Pods Manifest.lock */ = {
			isa = PBXShellScriptBuildPhase;
			buildActionMask = 2147483647;
			files = (
			);
			inputFileListPaths = (
			);
			inputPaths = (
				"${PODS_PODFILE_DIR_PATH}/Podfile.lock",
				"${PODS_ROOT}/Manifest.lock",
			);
			name = "[CP] Check Pods Manifest.lock";
			outputFileListPaths = (
			);
			outputPaths = (
				"$(DERIVED_FILE_DIR)/Pods-APReader-checkManifestLockResult.txt",
			);
			runOnlyForDeploymentPostprocessing = 0;
			shellPath = /bin/sh;
			shellScript = "diff \"${PODS_PODFILE_DIR_PATH}/Podfile.lock\" \"${PODS_ROOT}/Manifest.lock\" > /dev/null\nif [ $? != 0 ] ; then\n    # print error to STDERR\n    echo \"error: The sandbox is not in sync with the Podfile.lock. Run 'pod install' or update your CocoaPods installation.\" >&2\n    exit 1\nfi\n# This output is used by Xcode 'outputs' to avoid re-running this script phase.\necho \"SUCCESS\" > \"${SCRIPT_OUTPUT_FILE_0}\"\n";
			showEnvVarsInLog = 0;
		};
/* End PBXShellScriptBuildPhase section */

/* Begin PBXSourcesBuildPhase section */
		C4EF3B3324CC09E7002E6A6A /* Sources */ = {
			isa = PBXSourcesBuildPhase;
			buildActionMask = 2147483647;
			files = (
				C4E9FDB324FD56C5008BC15F /* APPreviewPenToolMenu.swift in Sources */,
				C42CCCB824CC610C00D6F0E8 /* FileItem.swift in Sources */,
				C49BE40824CC7DB0006E5D56 /* APPDFDrawer.swift in Sources */,
				C4E42A5C24EE6D760049AB38 /* APFolderTableViewCell.swift in Sources */,
				C4BFFD7224DED75C00222D28 /* ChromaColorPicker.swift in Sources */,
				C4D515032502636B0009B583 /* APCommentDrawingGestureRecognizer.swift in Sources */,
				C437859B24CDB3BE00AE2C07 /* APPDFTextDrawer.swift in Sources */,
				C4EF3B3F24CC09E7002E6A6A /* APFileListViewController.swift in Sources */,
				C49BE40324CC7A26006E5D56 /* UIKitExtensions.swift in Sources */,
				C46A150F24EFC63B00A5AFE8 /* MSGraphDriveItemExtension.swift in Sources */,
				C49CC8052500910500B19511 /* APDrawUtilities.swift in Sources */,
				C437859924CDB29F00AE2C07 /* APTextDrawingGestureRecognizer.swift in Sources */,
				C43D8E6924D1AAE800558110 /* APBookmarkTableViewCell.swift in Sources */,
				C4E42A5624EE265C0049AB38 /* APMoreMenuCell.swift in Sources */,
				C49BE40A24CC7E56006E5D56 /* APDrawingGestureRecognizer.swift in Sources */,
				C49BE40524CC7ACE006E5D56 /* PDFKitExtensions.swift in Sources */,
				C43D8E5E24D1709400558110 /* APOutlineTableViewController.swift in Sources */,
				C4F1DBDE24E2F96900476494 /* APFileItemTableViewCell.swift in Sources */,
				C42CCCBC24CC655500D6F0E8 /* APPreviewViewController.swift in Sources */,
				C49C88D824FCD115002253E0 /* YPDrawSignatureView.swift in Sources */,
				C4EF3B3B24CC09E7002E6A6A /* AppDelegate.swift in Sources */,
				C49C88CC24F817F4002253E0 /* APTabBarController.swift in Sources */,
				C4F1DBD724E2D3E500476494 /* APGraphManager.swift in Sources */,
				C4F1DBDC24E2F62900476494 /* APTestTableViewController.swift in Sources */,
				C4F1DC2924E787AA00476494 /* APTestTableViewCell.swift in Sources */,
				C43D8E6E24D2A4FB00558110 /* APSearchViewController.swift in Sources */,
				C4BFFD6624DED31200222D28 /* APColorPickerViewController.swift in Sources */,
				C4256D0724EB740B00F6621B /* APNavigationTittleView.swift in Sources */,
				C4E42A6024EE815D0049AB38 /* APCloudManager.swift in Sources */,
				C46A151124F102A200A5AFE8 /* APNavigationController.swift in Sources */,
				C4BFFD7124DED75C00222D28 /* UIColor+Utilities.swift in Sources */,
				C43D8E6124D173A400558110 /* APOutlineTableViewCell.swift in Sources */,
				C49C88D224FC93DD002253E0 /* APAddFolderAlertViewController.swift in Sources */,
				C45B13BC24CD635B00D30445 /* APNonSelectablePDFView.swift in Sources */,
				C4E42A5A24EE2DB50049AB38 /* APMoreMenuViewController.swift in Sources */,
				C4BFFD7324DED75C00222D28 /* ColorModeToggleButton.swift in Sources */,
				C4F1DBE724E590C700476494 /* APDriveEntityExtensions.swift in Sources */,
				C4BFFD6424DEAA3900222D28 /* APPencilControl.swift in Sources */,
				C4E9FDAF24FD0D84008BC15F /* APPreviewEditorMenu.swift in Sources */,
				C4BFFD7424DED75C00222D28 /* ChromaHandle.swift in Sources */,
				C43D8E6624D1A65F00558110 /* APBookmarkViewController.swift in Sources */,
				C4F1DBEA24E5947500476494 /* APUtils.swift in Sources */,
				C49CC8032500906800B19511 /* APArrowBezierPath.swift in Sources */,
				C43D8E7024D2B2EF00558110 /* APSearchTableViewCell.swift in Sources */,
				C49CC80A2502367A00B19511 /* APInkAnnotation.swift in Sources */,
				C4256D1424EBD56700F6621B /* APOneDriveManager.swift in Sources */,
				C4F1DBD024E296C700476494 /* APLoginViewController.swift in Sources */,
				C4D515052502640D0009B583 /* APPDFCommentDrawer.swift in Sources */,
				C4BFFD7524DED75C00222D28 /* ChromaAddButton.swift in Sources */,
				C43D8E5A24D16F3700558110 /* APPDFToolbarActionControl.swift in Sources */,
				C46A150C24EFC2BB00A5AFE8 /* APFileManager.swift in Sources */,
				C49C88DA24FCFBFF002253E0 /* APPreviewBottomMenu.swift in Sources */,
				C49CC80C250236C500B19511 /* APTextAnnotation.swift in Sources */,
				C4BFFD7024DED75C00222D28 /* ChromaShadeSlider.swift in Sources */,
				C49BE40C24CC7EB1006E5D56 /* APDrawingAnnotation.swift in Sources */,
				C49CC807250235EC00B19511 /* APChangesManager.swift in Sources */,
				C4F1DBCE24E28F5E00476494 /* APAuthManager.swift in Sources */,
				C4816AAD2502917300BBC7D8 /* APWidgetAnnotation.swift in Sources */,
				C4F1DBD224E2AE8300476494 /* APProfileViewController.swift in Sources */,
				C4816AAB25028AD400BBC7D8 /* APRepeatingTimer.swift in Sources */,
				C4EF3B3D24CC09E7002E6A6A /* SceneDelegate.swift in Sources */,
			);
			runOnlyForDeploymentPostprocessing = 0;
		};
/* End PBXSourcesBuildPhase section */

/* Begin PBXVariantGroup section */
		C4EF3B4024CC09E7002E6A6A /* Main.storyboard */ = {
			isa = PBXVariantGroup;
			children = (
				C4EF3B4124CC09E7002E6A6A /* Base */,
			);
			name = Main.storyboard;
			sourceTree = "<group>";
		};
		C4EF3B4524CC09EE002E6A6A /* LaunchScreen.storyboard */ = {
			isa = PBXVariantGroup;
			children = (
				C4EF3B4624CC09EE002E6A6A /* Base */,
			);
			name = LaunchScreen.storyboard;
			sourceTree = "<group>";
		};
/* End PBXVariantGroup section */

/* Begin XCBuildConfiguration section */
		C46A150924EF8FF700A5AFE8 /* Ad Hoc */ = {
			isa = XCBuildConfiguration;
			buildSettings = {
				ALWAYS_SEARCH_USER_PATHS = NO;
				CLANG_ANALYZER_NONNULL = YES;
				CLANG_ANALYZER_NUMBER_OBJECT_CONVERSION = YES_AGGRESSIVE;
				CLANG_CXX_LANGUAGE_STANDARD = "gnu++14";
				CLANG_CXX_LIBRARY = "libc++";
				CLANG_ENABLE_MODULES = YES;
				CLANG_ENABLE_OBJC_ARC = YES;
				CLANG_ENABLE_OBJC_WEAK = YES;
				CLANG_WARN_BLOCK_CAPTURE_AUTORELEASING = YES;
				CLANG_WARN_BOOL_CONVERSION = YES;
				CLANG_WARN_COMMA = YES;
				CLANG_WARN_CONSTANT_CONVERSION = YES;
				CLANG_WARN_DEPRECATED_OBJC_IMPLEMENTATIONS = YES;
				CLANG_WARN_DIRECT_OBJC_ISA_USAGE = YES_ERROR;
				CLANG_WARN_DOCUMENTATION_COMMENTS = YES;
				CLANG_WARN_EMPTY_BODY = YES;
				CLANG_WARN_ENUM_CONVERSION = YES;
				CLANG_WARN_INFINITE_RECURSION = YES;
				CLANG_WARN_INT_CONVERSION = YES;
				CLANG_WARN_NON_LITERAL_NULL_CONVERSION = YES;
				CLANG_WARN_OBJC_IMPLICIT_RETAIN_SELF = YES;
				CLANG_WARN_OBJC_LITERAL_CONVERSION = YES;
				CLANG_WARN_OBJC_ROOT_CLASS = YES_ERROR;
				CLANG_WARN_RANGE_LOOP_ANALYSIS = YES;
				CLANG_WARN_STRICT_PROTOTYPES = YES;
				CLANG_WARN_SUSPICIOUS_MOVE = YES;
				CLANG_WARN_UNGUARDED_AVAILABILITY = YES_AGGRESSIVE;
				CLANG_WARN_UNREACHABLE_CODE = YES;
				CLANG_WARN__DUPLICATE_METHOD_MATCH = YES;
				COPY_PHASE_STRIP = NO;
				DEBUG_INFORMATION_FORMAT = "dwarf-with-dsym";
				ENABLE_NS_ASSERTIONS = NO;
				ENABLE_STRICT_OBJC_MSGSEND = YES;
				GCC_C_LANGUAGE_STANDARD = gnu11;
				GCC_NO_COMMON_BLOCKS = YES;
				GCC_WARN_64_TO_32_BIT_CONVERSION = YES;
				GCC_WARN_ABOUT_RETURN_TYPE = YES_ERROR;
				GCC_WARN_UNDECLARED_SELECTOR = YES;
				GCC_WARN_UNINITIALIZED_AUTOS = YES_AGGRESSIVE;
				GCC_WARN_UNUSED_FUNCTION = YES;
				GCC_WARN_UNUSED_VARIABLE = YES;
				IPHONEOS_DEPLOYMENT_TARGET = 13.0;
				MTL_ENABLE_DEBUG_INFO = NO;
				MTL_FAST_MATH = YES;
				SDKROOT = iphoneos;
				SWIFT_COMPILATION_MODE = wholemodule;
				SWIFT_OPTIMIZATION_LEVEL = "-O";
				VALIDATE_PRODUCT = YES;
			};
			name = "Ad Hoc";
		};
		C46A150A24EF8FF700A5AFE8 /* Ad Hoc */ = {
			isa = XCBuildConfiguration;
			baseConfigurationReference = DE369DFE28B8D030AB36B39E /* Pods-APReader.ad hoc.xcconfig */;
			buildSettings = {
				ASSETCATALOG_COMPILER_APPICON_NAME = AppIcon;
				CODE_SIGN_ENTITLEMENTS = APReader/APReader.entitlements;
				CODE_SIGN_IDENTITY = "iPhone Distribution: zhenzhi Tang (UKXWZ3FS84)";
				CODE_SIGN_STYLE = Manual;
				CURRENT_PROJECT_VERSION = 25;
				DEVELOPMENT_TEAM = UKXWZ3FS84;
				INFOPLIST_FILE = APReader/Info.plist;
				LD_RUNPATH_SEARCH_PATHS = (
					"$(inherited)",
					"@executable_path/Frameworks",
				);
				MARKETING_VERSION = 1.0.2;
				PRODUCT_BUNDLE_IDENTIFIER = com.tango.apreader;
				PRODUCT_NAME = "$(TARGET_NAME)";
				PROVISIONING_PROFILE_SPECIFIER = "Ad Hoc";
				SWIFT_VERSION = 5.0;
				TARGETED_DEVICE_FAMILY = "1,2";
				VERSIONING_SYSTEM = "apple-generic";
			};
			name = "Ad Hoc";
		};
		C4EF3B4924CC09EE002E6A6A /* Debug */ = {
			isa = XCBuildConfiguration;
			buildSettings = {
				ALWAYS_SEARCH_USER_PATHS = NO;
				CLANG_ANALYZER_NONNULL = YES;
				CLANG_ANALYZER_NUMBER_OBJECT_CONVERSION = YES_AGGRESSIVE;
				CLANG_CXX_LANGUAGE_STANDARD = "gnu++14";
				CLANG_CXX_LIBRARY = "libc++";
				CLANG_ENABLE_MODULES = YES;
				CLANG_ENABLE_OBJC_ARC = YES;
				CLANG_ENABLE_OBJC_WEAK = YES;
				CLANG_WARN_BLOCK_CAPTURE_AUTORELEASING = YES;
				CLANG_WARN_BOOL_CONVERSION = YES;
				CLANG_WARN_COMMA = YES;
				CLANG_WARN_CONSTANT_CONVERSION = YES;
				CLANG_WARN_DEPRECATED_OBJC_IMPLEMENTATIONS = YES;
				CLANG_WARN_DIRECT_OBJC_ISA_USAGE = YES_ERROR;
				CLANG_WARN_DOCUMENTATION_COMMENTS = YES;
				CLANG_WARN_EMPTY_BODY = YES;
				CLANG_WARN_ENUM_CONVERSION = YES;
				CLANG_WARN_INFINITE_RECURSION = YES;
				CLANG_WARN_INT_CONVERSION = YES;
				CLANG_WARN_NON_LITERAL_NULL_CONVERSION = YES;
				CLANG_WARN_OBJC_IMPLICIT_RETAIN_SELF = YES;
				CLANG_WARN_OBJC_LITERAL_CONVERSION = YES;
				CLANG_WARN_OBJC_ROOT_CLASS = YES_ERROR;
				CLANG_WARN_RANGE_LOOP_ANALYSIS = YES;
				CLANG_WARN_STRICT_PROTOTYPES = YES;
				CLANG_WARN_SUSPICIOUS_MOVE = YES;
				CLANG_WARN_UNGUARDED_AVAILABILITY = YES_AGGRESSIVE;
				CLANG_WARN_UNREACHABLE_CODE = YES;
				CLANG_WARN__DUPLICATE_METHOD_MATCH = YES;
				COPY_PHASE_STRIP = NO;
				DEBUG_INFORMATION_FORMAT = dwarf;
				ENABLE_STRICT_OBJC_MSGSEND = YES;
				ENABLE_TESTABILITY = YES;
				GCC_C_LANGUAGE_STANDARD = gnu11;
				GCC_DYNAMIC_NO_PIC = NO;
				GCC_NO_COMMON_BLOCKS = YES;
				GCC_OPTIMIZATION_LEVEL = 0;
				GCC_PREPROCESSOR_DEFINITIONS = (
					"DEBUG=1",
					"$(inherited)",
				);
				GCC_WARN_64_TO_32_BIT_CONVERSION = YES;
				GCC_WARN_ABOUT_RETURN_TYPE = YES_ERROR;
				GCC_WARN_UNDECLARED_SELECTOR = YES;
				GCC_WARN_UNINITIALIZED_AUTOS = YES_AGGRESSIVE;
				GCC_WARN_UNUSED_FUNCTION = YES;
				GCC_WARN_UNUSED_VARIABLE = YES;
				IPHONEOS_DEPLOYMENT_TARGET = 13.0;
				MTL_ENABLE_DEBUG_INFO = INCLUDE_SOURCE;
				MTL_FAST_MATH = YES;
				ONLY_ACTIVE_ARCH = YES;
				SDKROOT = iphoneos;
				SWIFT_ACTIVE_COMPILATION_CONDITIONS = DEBUG;
				SWIFT_OPTIMIZATION_LEVEL = "-Onone";
			};
			name = Debug;
		};
		C4EF3B4A24CC09EE002E6A6A /* Release */ = {
			isa = XCBuildConfiguration;
			buildSettings = {
				ALWAYS_SEARCH_USER_PATHS = NO;
				CLANG_ANALYZER_NONNULL = YES;
				CLANG_ANALYZER_NUMBER_OBJECT_CONVERSION = YES_AGGRESSIVE;
				CLANG_CXX_LANGUAGE_STANDARD = "gnu++14";
				CLANG_CXX_LIBRARY = "libc++";
				CLANG_ENABLE_MODULES = YES;
				CLANG_ENABLE_OBJC_ARC = YES;
				CLANG_ENABLE_OBJC_WEAK = YES;
				CLANG_WARN_BLOCK_CAPTURE_AUTORELEASING = YES;
				CLANG_WARN_BOOL_CONVERSION = YES;
				CLANG_WARN_COMMA = YES;
				CLANG_WARN_CONSTANT_CONVERSION = YES;
				CLANG_WARN_DEPRECATED_OBJC_IMPLEMENTATIONS = YES;
				CLANG_WARN_DIRECT_OBJC_ISA_USAGE = YES_ERROR;
				CLANG_WARN_DOCUMENTATION_COMMENTS = YES;
				CLANG_WARN_EMPTY_BODY = YES;
				CLANG_WARN_ENUM_CONVERSION = YES;
				CLANG_WARN_INFINITE_RECURSION = YES;
				CLANG_WARN_INT_CONVERSION = YES;
				CLANG_WARN_NON_LITERAL_NULL_CONVERSION = YES;
				CLANG_WARN_OBJC_IMPLICIT_RETAIN_SELF = YES;
				CLANG_WARN_OBJC_LITERAL_CONVERSION = YES;
				CLANG_WARN_OBJC_ROOT_CLASS = YES_ERROR;
				CLANG_WARN_RANGE_LOOP_ANALYSIS = YES;
				CLANG_WARN_STRICT_PROTOTYPES = YES;
				CLANG_WARN_SUSPICIOUS_MOVE = YES;
				CLANG_WARN_UNGUARDED_AVAILABILITY = YES_AGGRESSIVE;
				CLANG_WARN_UNREACHABLE_CODE = YES;
				CLANG_WARN__DUPLICATE_METHOD_MATCH = YES;
				COPY_PHASE_STRIP = NO;
				DEBUG_INFORMATION_FORMAT = "dwarf-with-dsym";
				ENABLE_NS_ASSERTIONS = NO;
				ENABLE_STRICT_OBJC_MSGSEND = YES;
				GCC_C_LANGUAGE_STANDARD = gnu11;
				GCC_NO_COMMON_BLOCKS = YES;
				GCC_WARN_64_TO_32_BIT_CONVERSION = YES;
				GCC_WARN_ABOUT_RETURN_TYPE = YES_ERROR;
				GCC_WARN_UNDECLARED_SELECTOR = YES;
				GCC_WARN_UNINITIALIZED_AUTOS = YES_AGGRESSIVE;
				GCC_WARN_UNUSED_FUNCTION = YES;
				GCC_WARN_UNUSED_VARIABLE = YES;
				IPHONEOS_DEPLOYMENT_TARGET = 13.0;
				MTL_ENABLE_DEBUG_INFO = NO;
				MTL_FAST_MATH = YES;
				SDKROOT = iphoneos;
				SWIFT_COMPILATION_MODE = wholemodule;
				SWIFT_OPTIMIZATION_LEVEL = "-O";
				VALIDATE_PRODUCT = YES;
			};
			name = Release;
		};
		C4EF3B4C24CC09EE002E6A6A /* Debug */ = {
			isa = XCBuildConfiguration;
			baseConfigurationReference = 567F145151DFBEE3A0C2CBC4 /* Pods-APReader.debug.xcconfig */;
			buildSettings = {
				ASSETCATALOG_COMPILER_APPICON_NAME = AppIcon;
				CODE_SIGN_ENTITLEMENTS = APReader/APReader.entitlements;
				CODE_SIGN_IDENTITY = "Apple Development";
				CODE_SIGN_STYLE = Automatic;
				CURRENT_PROJECT_VERSION = 25;
				DEVELOPMENT_TEAM = UKXWZ3FS84;
				INFOPLIST_FILE = APReader/Info.plist;
				LD_RUNPATH_SEARCH_PATHS = (
					"$(inherited)",
					"@executable_path/Frameworks",
				);
				MARKETING_VERSION = 1.0.2;
				PRODUCT_BUNDLE_IDENTIFIER = com.tango.apreader;
				PRODUCT_NAME = "$(TARGET_NAME)";
				PROVISIONING_PROFILE_SPECIFIER = "";
				SWIFT_VERSION = 5.0;
				TARGETED_DEVICE_FAMILY = "1,2";
				VERSIONING_SYSTEM = "apple-generic";
			};
			name = Debug;
		};
		C4EF3B4D24CC09EE002E6A6A /* Release */ = {
			isa = XCBuildConfiguration;
			baseConfigurationReference = AD7B16EE42D79E779FBF3A46 /* Pods-APReader.release.xcconfig */;
			buildSettings = {
				ASSETCATALOG_COMPILER_APPICON_NAME = AppIcon;
				CODE_SIGN_ENTITLEMENTS = APReader/APReader.entitlements;
				CODE_SIGN_IDENTITY = "iPhone Distribution: zhenzhi Tang (UKXWZ3FS84)";
				CODE_SIGN_STYLE = Manual;
				CURRENT_PROJECT_VERSION = 25;
				DEVELOPMENT_TEAM = UKXWZ3FS84;
				INFOPLIST_FILE = APReader/Info.plist;
				LD_RUNPATH_SEARCH_PATHS = (
					"$(inherited)",
					"@executable_path/Frameworks",
				);
				MARKETING_VERSION = 1.0.2;
				PRODUCT_BUNDLE_IDENTIFIER = com.tango.apreader;
				PRODUCT_NAME = "$(TARGET_NAME)";
				PROVISIONING_PROFILE_SPECIFIER = "App Store";
				SWIFT_VERSION = 5.0;
				TARGETED_DEVICE_FAMILY = "1,2";
				VERSIONING_SYSTEM = "apple-generic";
			};
			name = Release;
		};
/* End XCBuildConfiguration section */

/* Begin XCConfigurationList section */
		C4EF3B3224CC09E7002E6A6A /* Build configuration list for PBXProject "APReader" */ = {
			isa = XCConfigurationList;
			buildConfigurations = (
				C4EF3B4924CC09EE002E6A6A /* Debug */,
				C4EF3B4A24CC09EE002E6A6A /* Release */,
				C46A150924EF8FF700A5AFE8 /* Ad Hoc */,
			);
			defaultConfigurationIsVisible = 0;
			defaultConfigurationName = "Ad Hoc";
		};
		C4EF3B4B24CC09EE002E6A6A /* Build configuration list for PBXNativeTarget "APReader" */ = {
			isa = XCConfigurationList;
			buildConfigurations = (
				C4EF3B4C24CC09EE002E6A6A /* Debug */,
				C4EF3B4D24CC09EE002E6A6A /* Release */,
				C46A150A24EF8FF700A5AFE8 /* Ad Hoc */,
			);
			defaultConfigurationIsVisible = 0;
			defaultConfigurationName = "Ad Hoc";
		};
/* End XCConfigurationList section */
	};
	rootObject = C4EF3B2F24CC09E7002E6A6A /* Project object */;
}
