PODS:
  - AppCenter (3.3.2):
    - AppCenter/Analytics (= 3.3.2)
    - AppCenter/Crashes (= 3.3.2)
  - AppCenter/Analytics (3.3.2):
    - AppCenter/Core
  - AppCenter/Core (3.3.2)
  - AppCenter/Crashes (3.3.2):
    - AppCenter/Core
  - MSAL (1.1.7):
    - MSAL/app-lib (= 1.1.7)
  - MSAL/app-lib (1.1.7)
  - MSGraphClientModels (1.3.0)
  - MSGraphClientSDK (1.0.0):
    - MSGraphClientSDK/Authentication (= 1.0.0)
    - MSGraphClientSDK/Common (= 1.0.0)
  - MSGraphClientSDK/Authentication (1.0.0)
  - MSGraphClientSDK/Common (1.0.0):
    - MSGraphClientSDK/Authentication
  - SVProgressHUD (2.2.5)
  - Tiercel (3.2.0)

DEPENDENCIES:
  - AppCenter
  - MSAL (~> 1.1.1)
  - MSGraphClientModels (~> 1.3.0)
  - MSGraphClientSDK (~> 1.0.0)
  - SVProgressHUD
  - Tiercel

SPEC REPOS:
  trunk:
    - AppCenter
    - MSAL
    - MSGraphClientModels
    - MSGraphClientSDK
    - SVProgressHUD
    - Tiercel

SPEC CHECKSUMS:
  AppCenter: aba7de06e4c2184f90dc84f7866bd07f82427d69
  MSAL: 778e3fadb1d581d6afa05fbf4c657d1b1cf8810d
  MSGraphClientModels: ffef6d0a1cdaa774e1689e38da35301cb74fc72a
  MSGraphClientSDK: ffc07a58a838e0702c7bf2a856367035d4a335d7
  SVProgressHUD: 1428aafac632c1f86f62aa4243ec12008d7a51d6
  Tiercel: 37c00d3d309657951d00ae68dcb6ce8c7dccf584

PODFILE CHECKSUM: ac6aff8355a678519a77dfb536bb40d1132a7ee3

COCOAPODS: 1.9.3
